
Microsoft Visual Studio Solution File, Format Version 12.00
# Visual Studio Version 17
VisualStudioVersion = 17.3.32901.215
MinimumVisualStudioVersion = 10.0.40219.1
Project("{FAE04EC0-301F-11D3-BF4B-00C04F79EFBC}") = "DataStructureDemo", "DataStructureDemo\DataStructureDemo.csproj", "{D1ED2FF2-D110-422D-81A5-BAC63615A209}"
EndProject
Project("{FAE04EC0-301F-11D3-BF4B-00C04F79EFBC}") = "QueueUsingLinkedList", "QueueUsingLinkedList\QueueUsingLinkedList.csproj", "{6F69F0BD-B531-45FA-B33B-EE4042F95C0D}"
EndProject
Project("{FAE04EC0-301F-11D3-BF4B-00C04F79EFBC}") = "StackUsingLinkedList", "StackUsingLinkedList\StackUsingLinkedList.csproj", "{A5F12124-15B1-4B78-8491-1D0DA74345BA}"
EndProject
Global
	GlobalSection(SolutionConfigurationPlatforms) = preSolution
		Debug|Any CPU = Debug|Any CPU
		Release|Any CPU = Release|Any CPU
	EndGlobalSection
	GlobalSection(ProjectConfigurationPlatforms) = postSolution
		{D1ED2FF2-D110-422D-81A5-BAC63615A209}.Debug|Any CPU.ActiveCfg = Debug|Any CPU
		{D1ED2FF2-D110-422D-81A5-BAC63615A209}.Debug|Any CPU.Build.0 = Debug|Any CPU
		{D1ED2FF2-D110-422D-81A5-BAC63615A209}.Release|Any CPU.ActiveCfg = Release|Any CPU
		{D1ED2FF2-D110-422D-81A5-BAC63615A209}.Release|Any CPU.Build.0 = Release|Any CPU
		{6F69F0BD-B531-45FA-B33B-EE4042F95C0D}.Debug|Any CPU.ActiveCfg = Debug|Any CPU
		{6F69F0BD-B531-45FA-B33B-EE4042F95C0D}.Debug|Any CPU.Build.0 = Debug|Any CPU
		{6F69F0BD-B531-45FA-B33B-EE4042F95C0D}.Release|Any CPU.ActiveCfg = Release|Any CPU
		{6F69F0BD-B531-45FA-B33B-EE4042F95C0D}.Release|Any CPU.Build.0 = Release|Any CPU
		{A5F12124-15B1-4B78-8491-1D0DA74345BA}.Debug|Any CPU.ActiveCfg = Debug|Any CPU
		{A5F12124-15B1-4B78-8491-1D0DA74345BA}.Debug|Any CPU.Build.0 = Debug|Any CPU
		{A5F12124-15B1-4B78-8491-1D0DA74345BA}.Release|Any CPU.ActiveCfg = Release|Any CPU
		{A5F12124-15B1-4B78-8491-1D0DA74345BA}.Release|Any CPU.Build.0 = Release|Any CPU
	EndGlobalSection
	GlobalSection(SolutionProperties) = preSolution
		HideSolutionNode = FALSE
	EndGlobalSection
	GlobalSection(ExtensibilityGlobals) = postSolution
		SolutionGuid = {BA49736B-ED45-4475-BE93-77EE4AFBA610}
	EndGlobalSection
EndGlobal
